
Microsoft Visual Studio Solution File, Format Version 12.00
# Visual Studio Version 17
VisualStudioVersion = 17.13.35931.197 d17.13
MinimumVisualStudioVersion = 10.0.40219.1
Project("{FAE04EC0-301F-11D3-BF4B-00C04F79EFBC}") = "Domain", "Domain\Domain.csproj", "{2EF3CDFD-7D35-400A-A21E-DBE40C5C539F}"
EndProject
Project("{FAE04EC0-301F-11D3-BF4B-00C04F79EFBC}") = "Application", "Application\Application.csproj", "{AD8C8F27-906F-4B40-8FDC-4A86F92DCE67}"
EndProject
Project("{FAE04EC0-301F-11D3-BF4B-00C04F79EFBC}") = "Infrastructure", "Infrastructure\Infrastructure.csproj", "{C8EE19B2-0C3D-462D-896D-BF8F2CD83490}"
EndProject
Project("{FAE04EC0-301F-11D3-BF4B-00C04F79EFBC}") = "API", "API\API.csproj", "{10F7C9C4-9A71-4D60-8D3B-43231F1C27E5}"
EndProject
Global
	GlobalSection(SolutionConfigurationPlatforms) = preSolution
		Debug|Any CPU = Debug|Any CPU
		Release|Any CPU = Release|Any CPU
	EndGlobalSection
	GlobalSection(ProjectConfigurationPlatforms) = postSolution
		{2EF3CDFD-7D35-400A-A21E-DBE40C5C539F}.Debug|Any CPU.ActiveCfg = Debug|Any CPU
		{2EF3CDFD-7D35-400A-A21E-DBE40C5C539F}.Debug|Any CPU.Build.0 = Debug|Any CPU
		{2EF3CDFD-7D35-400A-A21E-DBE40C5C539F}.Release|Any CPU.ActiveCfg = Release|Any CPU
		{2EF3CDFD-7D35-400A-A21E-DBE40C5C539F}.Release|Any CPU.Build.0 = Release|Any CPU
		{AD8C8F27-906F-4B40-8FDC-4A86F92DCE67}.Debug|Any CPU.ActiveCfg = Debug|Any CPU
		{AD8C8F27-906F-4B40-8FDC-4A86F92DCE67}.Debug|Any CPU.Build.0 = Debug|Any CPU
		{AD8C8F27-906F-4B40-8FDC-4A86F92DCE67}.Release|Any CPU.ActiveCfg = Release|Any CPU
		{AD8C8F27-906F-4B40-8FDC-4A86F92DCE67}.Release|Any CPU.Build.0 = Release|Any CPU
		{C8EE19B2-0C3D-462D-896D-BF8F2CD83490}.Debug|Any CPU.ActiveCfg = Debug|Any CPU
		{C8EE19B2-0C3D-462D-896D-BF8F2CD83490}.Debug|Any CPU.Build.0 = Debug|Any CPU
		{C8EE19B2-0C3D-462D-896D-BF8F2CD83490}.Release|Any CPU.ActiveCfg = Release|Any CPU
		{C8EE19B2-0C3D-462D-896D-BF8F2CD83490}.Release|Any CPU.Build.0 = Release|Any CPU
		{10F7C9C4-9A71-4D60-8D3B-43231F1C27E5}.Debug|Any CPU.ActiveCfg = Debug|Any CPU
		{10F7C9C4-9A71-4D60-8D3B-43231F1C27E5}.Debug|Any CPU.Build.0 = Debug|Any CPU
		{10F7C9C4-9A71-4D60-8D3B-43231F1C27E5}.Release|Any CPU.ActiveCfg = Release|Any CPU
		{10F7C9C4-9A71-4D60-8D3B-43231F1C27E5}.Release|Any CPU.Build.0 = Release|Any CPU
	EndGlobalSection
	GlobalSection(SolutionProperties) = preSolution
		HideSolutionNode = FALSE
	EndGlobalSection
	GlobalSection(ExtensibilityGlobals) = postSolution
		SolutionGuid = {8327D207-AB49-4A4A-A298-A344F9CFC6CC}
	EndGlobalSection
EndGlobal
